Microsoft Visual Studio Solution File, Format Version 12.00
# Visual Studio Version 17
VisualStudioVersion = 17.5.2.0
MinimumVisualStudioVersion = 10.0.40219.1
Project("{FAE04EC0-301F-11D3-BF4B-00C04F79EFBC}") = "OlaMundoBlazo", "OlaMundoBlazo.csproj", "{C0F7AFA9-A7A7-D6B4-020E-83E3420BA09A}"
EndProject
Global
	GlobalSection(SolutionConfigurationPlatforms) = preSolution
		Debug|Any CPU = Debug|Any CPU
		Release|Any CPU = Release|Any CPU
	EndGlobalSection
	GlobalSection(ProjectConfigurationPlatforms) = postSolution
		{C0F7AFA9-A7A7-D6B4-020E-83E3420BA09A}.Debug|Any CPU.ActiveCfg = Debug|Any CPU
		{C0F7AFA9-A7A7-D6B4-020E-83E3420BA09A}.Debug|Any CPU.Build.0 = Debug|Any CPU
		{C0F7AFA9-A7A7-D6B4-020E-83E3420BA09A}.Release|Any CPU.ActiveCfg = Release|Any CPU
		{C0F7AFA9-A7A7-D6B4-020E-83E3420BA09A}.Release|Any CPU.Build.0 = Release|Any CPU
	EndGlobalSection
	GlobalSection(SolutionProperties) = preSolution
		HideSolutionNode = FALSE
	EndGlobalSection
	GlobalSection(ExtensibilityGlobals) = postSolution
		SolutionGuid = {E42812F8-78ED-4A88-8E59-130D3177E05B}
	EndGlobalSection
EndGlobal
